Microsoft Visual Studio Solution File, Format Version 12.00
# Visual Studio Version 17
VisualStudioVersion = 17.5.2.0
MinimumVisualStudioVersion = 10.0.40219.1
Project("{FAE04EC0-301F-11D3-BF4B-00C04F79EFBC}") = "06-CopyConstructorsOverloading-task-01", "06-CopyConstructorsOverloading/task-01/task-01.csproj", "{1108E0DD-E12A-4B42-9778-B6FEFA2B28C1}"
EndProject
Project("{FAE04EC0-301F-11D3-BF4B-00C04F79EFBC}") = "06-CopyConstructorsOverloading-task-02", "06-CopyConstructorsOverloading/task-02/task-02.csproj", "{055EC16B-5589-4D48-A687-AE8F988C5D9B}"
EndProject
Project("{FAE04EC0-301F-11D3-BF4B-00C04F79EFBC}") = "09-OperatorOverloading-task-01", "09-OperatorOverloading/task-01/task-01.csproj", "{455C05C5-023B-4CA4-ACCD-8D2DEE6EFB5C}"
EndProject
Project("{FAE04EC0-301F-11D3-BF4B-00C04F79EFBC}") = "09-OperatorOverloading-task-02", "09-OperatorOverloading/task-02/task-02.csproj", "{B3429A22-72CD-4E9B-A9E5-C6D969B15F48}"
EndProject
Global
	GlobalSection(SolutionConfigurationPlatforms) = preSolution
		Debug|Any CPU = Debug|Any CPU
		Release|Any CPU = Release|Any CPU
	EndGlobalSection
	GlobalSection(ProjectConfigurationPlatforms) = postSolution
		{1108E0DD-E12A-4B42-9778-B6FEFA2B28C1}.Debug|Any CPU.ActiveCfg = Debug|Any CPU
		{1108E0DD-E12A-4B42-9778-B6FEFA2B28C1}.Debug|Any CPU.Build.0 = Debug|Any CPU
		{1108E0DD-E12A-4B42-9778-B6FEFA2B28C1}.Release|Any CPU.ActiveCfg = Release|Any CPU
		{1108E0DD-E12A-4B42-9778-B6FEFA2B28C1}.Release|Any CPU.Build.0 = Release|Any CPU
		{055EC16B-5589-4D48-A687-AE8F988C5D9B}.Debug|Any CPU.ActiveCfg = Debug|Any CPU
		{055EC16B-5589-4D48-A687-AE8F988C5D9B}.Debug|Any CPU.Build.0 = Debug|Any CPU
		{055EC16B-5589-4D48-A687-AE8F988C5D9B}.Release|Any CPU.ActiveCfg = Release|Any CPU
		{055EC16B-5589-4D48-A687-AE8F988C5D9B}.Release|Any CPU.Build.0 = Release|Any CPU
		{455C05C5-023B-4CA4-ACCD-8D2DEE6EFB5C}.Debug|Any CPU.ActiveCfg = Debug|Any CPU
		{455C05C5-023B-4CA4-ACCD-8D2DEE6EFB5C}.Debug|Any CPU.Build.0 = Debug|Any CPU
		{455C05C5-023B-4CA4-ACCD-8D2DEE6EFB5C}.Release|Any CPU.ActiveCfg = Release|Any CPU
		{455C05C5-023B-4CA4-ACCD-8D2DEE6EFB5C}.Release|Any CPU.Build.0 = Release|Any CPU
		{B3429A22-72CD-4E9B-A9E5-C6D969B15F48}.Debug|Any CPU.ActiveCfg = Debug|Any CPU
		{B3429A22-72CD-4E9B-A9E5-C6D969B15F48}.Debug|Any CPU.Build.0 = Debug|Any CPU
		{B3429A22-72CD-4E9B-A9E5-C6D969B15F48}.Release|Any CPU.ActiveCfg = Release|Any CPU
		{B3429A22-72CD-4E9B-A9E5-C6D969B15F48}.Release|Any CPU.Build.0 = Release|Any CPU
	EndGlobalSection
	GlobalSection(SolutionProperties) = preSolution
		HideSolutionNode = FALSE
	EndGlobalSection
	GlobalSection(ExtensibilityGlobals) = postSolution
		SolutionGuid = {3B47A82B-0A59-4858-867E-5254D2E70C2A}
	EndGlobalSection
EndGlobal
